
Microsoft Visual Studio Solution File, Format Version 12.00
# Visual Studio Version 16
VisualStudioVersion = 16.0.29806.167
MinimumVisualStudioVersion = 10.0.40219.1
Project("{8BC9CEB8-8B4A-11D0-8D11-00A0C91BC942}") = "New_Proj", "New_Proj\New_Proj.vcxproj", "{8548FAD8-17AD-45F4-A2D0-96403B973C90}"
EndProject
Global
	GlobalSection(SolutionConfigurationPlatforms) = preSolution
		Debug|x64 = Debug|x64
		Debug|x86 = Debug|x86
		Release|x64 = Release|x64
		Release|x86 = Release|x86
	EndGlobalSection
	GlobalSection(ProjectConfigurationPlatforms) = postSolution
		{8548FAD8-17AD-45F4-A2D0-96403B973C90}.Debug|x64.ActiveCfg = Release|Win32
		{8548FAD8-17AD-45F4-A2D0-96403B973C90}.Debug|x64.Build.0 = Release|Win32
		{8548FAD8-17AD-45F4-A2D0-96403B973C90}.Debug|x86.ActiveCfg = Debug|Win32
		{8548FAD8-17AD-45F4-A2D0-96403B973C90}.Debug|x86.Build.0 = Debug|Win32
		{8548FAD8-17AD-45F4-A2D0-96403B973C90}.Release|x64.ActiveCfg = Release|x64
		{8548FAD8-17AD-45F4-A2D0-96403B973C90}.Release|x64.Build.0 = Release|x64
		{8548FAD8-17AD-45F4-A2D0-96403B973C90}.Release|x86.ActiveCfg = Release|Win32
		{8548FAD8-17AD-45F4-A2D0-96403B973C90}.Release|x86.Build.0 = Release|Win32
	EndGlobalSection
	GlobalSection(SolutionProperties) = preSolution
		HideSolutionNode = FALSE
	EndGlobalSection
	GlobalSection(ExtensibilityGlobals) = postSolution
		SolutionGuid = {41D2A8D5-9A41-4C43-9FC2-EF888B755261}
	EndGlobalSection
EndGlobal
